
Microsoft Visual Studio Solution File, Format Version 12.00
Project("{FAE04EC0-301F-11D3-BF4B-00C04F79EFBC}") = "Problems", "Problems\Problems.csproj", "{0B9B0948-CEA5-4D5D-9504-F26325113A53}"
EndProject
Project("{FAE04EC0-301F-11D3-BF4B-00C04F79EFBC}") = "ProblemsTests", "ProblemsTests\ProblemsTests.csproj", "{5E0FB153-A416-4018-95B3-C59125F82D0C}"
EndProject
Global
	GlobalSection(SolutionConfigurationPlatforms) = preSolution
		Debug|Any CPU = Debug|Any CPU
		Release|Any CPU = Release|Any CPU
	EndGlobalSection
	GlobalSection(ProjectConfigurationPlatforms) = postSolution
		{0B9B0948-CEA5-4D5D-9504-F26325113A53}.Debug|Any CPU.ActiveCfg = Debug|Any CPU
		{0B9B0948-CEA5-4D5D-9504-F26325113A53}.Debug|Any CPU.Build.0 = Debug|Any CPU
		{0B9B0948-CEA5-4D5D-9504-F26325113A53}.Release|Any CPU.ActiveCfg = Release|Any CPU
		{0B9B0948-CEA5-4D5D-9504-F26325113A53}.Release|Any CPU.Build.0 = Release|Any CPU
		{5E0FB153-A416-4018-95B3-C59125F82D0C}.Debug|Any CPU.ActiveCfg = Debug|Any CPU
		{5E0FB153-A416-4018-95B3-C59125F82D0C}.Debug|Any CPU.Build.0 = Debug|Any CPU
		{5E0FB153-A416-4018-95B3-C59125F82D0C}.Release|Any CPU.ActiveCfg = Release|Any CPU
		{5E0FB153-A416-4018-95B3-C59125F82D0C}.Release|Any CPU.Build.0 = Release|Any CPU
	EndGlobalSection
EndGlobal
